
Microsoft Visual Studio Solution File, Format Version 12.00
# Visual Studio Version 17
VisualStudioVersion = 17.3.32929.385
MinimumVisualStudioVersion = 10.0.40219.1
Project("{FAE04EC0-301F-11D3-BF4B-00C04F79EFBC}") = "RecruitmentTask", "RecruitmentTask.csproj", "{2CC12DA2-52A5-48E7-BB95-96F8250FAF02}"
EndProject
Project("{FAE04EC0-301F-11D3-BF4B-00C04F79EFBC}") = "RecruitmentDTO", "..\RecruitmentDTO\RecruitmentDTO.csproj", "{61210B9C-9305-4D8D-8355-DB46F939EC38}"
EndProject
Global
	GlobalSection(SolutionConfigurationPlatforms) = preSolution
		Debug|Any CPU = Debug|Any CPU
		Release|Any CPU = Release|Any CPU
	EndGlobalSection
	GlobalSection(ProjectConfigurationPlatforms) = postSolution
		{2CC12DA2-52A5-48E7-BB95-96F8250FAF02}.Debug|Any CPU.ActiveCfg = Debug|Any CPU
		{2CC12DA2-52A5-48E7-BB95-96F8250FAF02}.Debug|Any CPU.Build.0 = Debug|Any CPU
		{2CC12DA2-52A5-48E7-BB95-96F8250FAF02}.Release|Any CPU.ActiveCfg = Release|Any CPU
		{2CC12DA2-52A5-48E7-BB95-96F8250FAF02}.Release|Any CPU.Build.0 = Release|Any CPU
		{61210B9C-9305-4D8D-8355-DB46F939EC38}.Debug|Any CPU.ActiveCfg = Debug|Any CPU
		{61210B9C-9305-4D8D-8355-DB46F939EC38}.Debug|Any CPU.Build.0 = Debug|Any CPU
		{61210B9C-9305-4D8D-8355-DB46F939EC38}.Release|Any CPU.ActiveCfg = Release|Any CPU
		{61210B9C-9305-4D8D-8355-DB46F939EC38}.Release|Any CPU.Build.0 = Release|Any CPU
	EndGlobalSection
	GlobalSection(SolutionProperties) = preSolution
		HideSolutionNode = FALSE
	EndGlobalSection
	GlobalSection(ExtensibilityGlobals) = postSolution
		SolutionGuid = {4D7ADEBA-0EA4-455F-A633-47CB79817A8A}
	EndGlobalSection
EndGlobal
